
Microsoft Visual Studio Solution File, Format Version 10.00
# Visual Studio 2008
Project("{8BC9CEB8-8B4A-11D0-8D11-00A0C91BC942}") = "Mentat", "Mentat\Mentat.vcproj", "{8FD61CB3-4A55-4306-92E8-CAAC0594A3B0}"
EndProject
Global
	GlobalSection(SolutionConfigurationPlatforms) = preSolution
		Debug|Win32 = Debug|Win32
		Release|Win32 = Release|Win32
	EndGlobalSection
	GlobalSection(ProjectConfigurationPlatforms) = postSolution
		{8FD61CB3-4A55-4306-92E8-CAAC0594A3B0}.Debug|Win32.ActiveCfg = Debug|Win32
		{8FD61CB3-4A55-4306-92E8-CAAC0594A3B0}.Debug|Win32.Build.0 = Debug|Win32
		{8FD61CB3-4A55-4306-92E8-CAAC0594A3B0}.Release|Win32.ActiveCfg = Release|Win32
		{8FD61CB3-4A55-4306-92E8-CAAC0594A3B0}.Release|Win32.Build.0 = Release|Win32
	EndGlobalSection
	GlobalSection(SolutionProperties) = preSolution
		HideSolutionNode = FALSE
	EndGlobalSection
EndGlobal
