
Microsoft Visual Studio Solution File, Format Version 10.00
# Visual Studio 2008
Project("{FAE04EC0-301F-11D3-BF4B-00C04F79EFBC}") = "Inventory GUI", "Inventory GUI\Inventory GUI.csproj", "{D03EBCDC-1AF1-447C-9590-BE12EC73DD79}"
EndProject
Global
	GlobalSection(SolutionConfigurationPlatforms) = preSolution
		Debug|Any CPU = Debug|Any CPU
		Release|Any CPU = Release|Any CPU
	EndGlobalSection
	GlobalSection(ProjectConfigurationPlatforms) = postSolution
		{D03EBCDC-1AF1-447C-9590-BE12EC73DD79}.Debug|Any CPU.ActiveCfg = Debug|Any CPU
		{D03EBCDC-1AF1-447C-9590-BE12EC73DD79}.Debug|Any CPU.Build.0 = Debug|Any CPU
		{D03EBCDC-1AF1-447C-9590-BE12EC73DD79}.Release|Any CPU.ActiveCfg = Release|Any CPU
		{D03EBCDC-1AF1-447C-9590-BE12EC73DD79}.Release|Any CPU.Build.0 = Release|Any CPU
	EndGlobalSection
	GlobalSection(SolutionProperties) = preSolution
		HideSolutionNode = FALSE
	EndGlobalSection
EndGlobal
