
Microsoft Visual Studio Solution File, Format Version 10.00
# Visual Studio 2008
Project("{8BC9CEB8-8B4A-11D0-8D11-00A0C91BC942}") = "Adjacency List", "Adjacency List\Adjacency List.vcproj", "{C0A650DC-FC82-4D62-BA44-24D8C535D3FB}"
EndProject
Global
	GlobalSection(SolutionConfigurationPlatforms) = preSolution
		Debug|Win32 = Debug|Win32
		Release|Win32 = Release|Win32
	EndGlobalSection
	GlobalSection(ProjectConfigurationPlatforms) = postSolution
		{C0A650DC-FC82-4D62-BA44-24D8C535D3FB}.Debug|Win32.ActiveCfg = Debug|Win32
		{C0A650DC-FC82-4D62-BA44-24D8C535D3FB}.Debug|Win32.Build.0 = Debug|Win32
		{C0A650DC-FC82-4D62-BA44-24D8C535D3FB}.Release|Win32.ActiveCfg = Release|Win32
		{C0A650DC-FC82-4D62-BA44-24D8C535D3FB}.Release|Win32.Build.0 = Release|Win32
	EndGlobalSection
	GlobalSection(SolutionProperties) = preSolution
		HideSolutionNode = FALSE
	EndGlobalSection
EndGlobal
